
Microsoft Visual Studio Solution File, Format Version 12.00
# Visual Studio 15
VisualStudioVersion = 15.0.28307.329
MinimumVisualStudioVersion = 10.0.40219.1
Project("{FAE04EC0-301F-11D3-BF4B-00C04F79EFBC}") = "College.Service.WebApi", "College.Service.WebApi\College.Service.WebApi.csproj", "{503B9C56-F5C4-434F-B13F-6738C3ABB4D7}"
EndProject
Project("{FAE04EC0-301F-11D3-BF4B-00C04F79EFBC}") = "College.Service.WebApi.Tests", "College.Service.WebApi.Tests\College.Service.WebApi.Tests.csproj", "{8EB79C9C-6668-4363-95F1-37D7A7A8B017}"
EndProject
Global
	GlobalSection(SolutionConfigurationPlatforms) = preSolution
		Debug|Any CPU = Debug|Any CPU
		Release|Any CPU = Release|Any CPU
	EndGlobalSection
	GlobalSection(ProjectConfigurationPlatforms) = postSolution
		{503B9C56-F5C4-434F-B13F-6738C3ABB4D7}.Debug|Any CPU.ActiveCfg = Debug|Any CPU
		{503B9C56-F5C4-434F-B13F-6738C3ABB4D7}.Debug|Any CPU.Build.0 = Debug|Any CPU
		{503B9C56-F5C4-434F-B13F-6738C3ABB4D7}.Release|Any CPU.ActiveCfg = Release|Any CPU
		{503B9C56-F5C4-434F-B13F-6738C3ABB4D7}.Release|Any CPU.Build.0 = Release|Any CPU
		{8EB79C9C-6668-4363-95F1-37D7A7A8B017}.Debug|Any CPU.ActiveCfg = Debug|Any CPU
		{8EB79C9C-6668-4363-95F1-37D7A7A8B017}.Debug|Any CPU.Build.0 = Debug|Any CPU
		{8EB79C9C-6668-4363-95F1-37D7A7A8B017}.Release|Any CPU.ActiveCfg = Release|Any CPU
		{8EB79C9C-6668-4363-95F1-37D7A7A8B017}.Release|Any CPU.Build.0 = Release|Any CPU
	EndGlobalSection
	GlobalSection(SolutionProperties) = preSolution
		HideSolutionNode = FALSE
	EndGlobalSection
	GlobalSection(ExtensibilityGlobals) = postSolution
		SolutionGuid = {4A8BA2AE-3414-4289-A9A8-7133B515ED23}
	EndGlobalSection
EndGlobal
